
Microsoft Visual Studio Solution File, Format Version 12.00
# Visual Studio Version 17
VisualStudioVersion = 17.5.002.0
MinimumVisualStudioVersion = 10.0.40219.1
Project("{9A19103F-16F7-4668-BE54-9A1E7A4F7556}") = "a", "a\test.csproj", "{B130424A-95E8-4D13-B996-7284832892B2}"
EndProject
Project("{9A19103F-16F7-4668-BE54-9A1E7A4F7556}") = "b", "b\test.csproj", "{DCD99DF2-8FA0-4E4B-A18E-C4AA9DF27DEA}"
EndProject
Global
	GlobalSection(SolutionConfigurationPlatforms) = preSolution
		Debug|Any CPU = Debug|Any CPU
		Release|Any CPU = Release|Any CPU
	EndGlobalSection
	GlobalSection(ProjectConfigurationPlatforms) = postSolution
		{B130424A-95E8-4D13-B996-7284832892B2}.Debug|Any CPU.ActiveCfg = Debug|Any CPU
		{B130424A-95E8-4D13-B996-7284832892B2}.Debug|Any CPU.Build.0 = Debug|Any CPU
		{B130424A-95E8-4D13-B996-7284832892B2}.Release|Any CPU.ActiveCfg = Release|Any CPU
		{B130424A-95E8-4D13-B996-7284832892B2}.Release|Any CPU.Build.0 = Release|Any CPU
		{DCD99DF2-8FA0-4E4B-A18E-C4AA9DF27DEA}.Debug|Any CPU.ActiveCfg = Debug|Any CPU
		{DCD99DF2-8FA0-4E4B-A18E-C4AA9DF27DEA}.Debug|Any CPU.Build.0 = Debug|Any CPU
		{DCD99DF2-8FA0-4E4B-A18E-C4AA9DF27DEA}.Release|Any CPU.ActiveCfg = Release|Any CPU
		{DCD99DF2-8FA0-4E4B-A18E-C4AA9DF27DEA}.Release|Any CPU.Build.0 = Release|Any CPU
	EndGlobalSection
	GlobalSection(SolutionProperties) = preSolution
		HideSolutionNode = FALSE
	EndGlobalSection
	GlobalSection(ExtensibilityGlobals) = postSolution
		SolutionGuid = {0A7E95FD-097D-4B6D-916F-0D0176AD1265}
	EndGlobalSection
EndGlobal
