# This file contains locks that were generated by the Rust test runner
# It should be committed to the repository

# This file is automatically generated by Cargo.
# It is not intended for manual editing.
version = 3

[[package]]
name = "log"
version = "0.4.20"
source = "registry+https://github.com/rust-lang/crates.io-index"

[[package]]
name = "env_logger"
version = "0.10.2"
source = "registry+https://github.com/rust-lang/crates.io-index"
dependencies = [
 "log",
]

[[package]]
name = "reqwest"
version = "0.12.9"
source = "registry+https://github.com/rust-lang/crates.io-index"

[[package]]
name = "test"
version = "0.1.0"
dependencies = [
 "env_logger",
 "log",
 "reqwest",
]