{
    "name": "typescript-parser-wrapper",
    "lockfileVersion": 3,
    "requires": true,
    "packages": {
        "": {
            "name": "typescript-parser-wrapper",
            "dependencies": {
                "typescript": "5.9"
            },
            "devDependencies": {
                "@types/node": "^24.3.1"
            }
        },
        "node_modules/@types/node": {
            "version": "24.3.1",
            "resolved": "https://registry.npmjs.org/@types/node/-/node-24.3.1.tgz",
            "integrity": "sha512-3vXmQDXy+woz+gnrTvuvNrPzekOi+Ds0ReMxw0LzBiK3a+1k0kQn9f2NWk+lgD4rJehFUmYy2gMhJ2ZI+7YP9g==",
            "dev": true,
            "dependencies": {
                "undici-types": "~7.10.0"
            }
        },
        "node_modules/typescript": {
            "version": "5.9.2",
            "resolved": "https://registry.npmjs.org/typescript/-/typescript-5.9.2.tgz",
            "integrity": "sha512-CWBzXQrc/qOkhidw1OzBTQuYRbfyxDXJMVJ1XNwUHGROVmuaeiEm3OslpZ1RV96d7SKKjZKrSJu3+t/xlw3R9A==",
            "bin": {
                "tsc": "bin/tsc",
                "tsserver": "bin/tsserver"
            },
            "engines": {
                "node": ">=14.17"
            }
        },
        "node_modules/undici-types": {
            "version": "7.10.0",
            "resolved": "https://registry.npmjs.org/undici-types/-/undici-types-7.10.0.tgz",
            "integrity": "sha512-t5Fy/nfn+14LuOc2KNYg75vZqClpAiqscVvMygNnlsHBFpSXdJaYtXMcdNLpl/Qvc3P2cB3s6lOV51nqsFq4ag==",
            "dev": true
        }
    }
}
