# THIS IS AN AUTOGENERATED FILE. DO NOT EDIT THIS FILE DIRECTLY.
# yarn lockfile v1


"@types/node@12.7.11":
  version "12.7.11"
  resolved node-12.7.11.tgz#be879b52031cfb5d295b047f5462d8ef1a716446

typescript@4.9.2-rc:
  version "4.9.2-rc"
  resolved "https://registry.yarnpkg.com/typescript/-/typescript-4.9.2-rc.tgz#3525dbeb8458a8c98ce7d60724e4a9380d7b46e7"
  integrity sha512-Ly9UUxJBfiiFjfegI1gsW9FI8Xhw1cuwRMBJ4wdYg+UXZR4VnZvD1OnBDj/iQ2U+tWbWEjYqJ5xx1Cwr4Vsa4w==
