# THIS IS AN AUTOGENERATED FILE. DO NOT EDIT THIS FILE DIRECTLY.
# yarn lockfile v1


"@types/node@18.11.18":
  version "18.11.18"
  resolved "https://registry.yarnpkg.com/@types/node/-/node-18.11.18.tgz#8dfb97f0da23c2293e554c5a50d61ef134d7697f"
  integrity sha512-DHQpWGjyQKSHj3ebjFI/wRKcqQcdR+MoFBygntYOZytCqNfkd2ZC4ARDJ2DQqhjH5p85Nnd3jhUJIXrszFX/JA==

typescript@5.0.0-beta:
  version "5.0.0-beta"
  resolved "https://registry.yarnpkg.com/typescript/-/typescript-5.0.0-beta.tgz#791fa95411d6ff64ee77d677ed1e6f32a2eaabaf"
  integrity sha512-+SSabbSXG5mtF+QGdV9uXXt9Saq1cSyI6hSG7znhaLoquleJpnmfkwSxFngK9c2fWWi1W/263TuzXQOsIcdjjA==
