Microsoft Visual Studio Solution File, Format Version 12.00
# Visual Studio Version 17
VisualStudioVersion = 17.5.2.0
MinimumVisualStudioVersion = 10.0.40219.1
Project("{FAE04EC0-301F-11D3-BF4B-00C04F79EFBC}") = "TestAssembly", "TestAssembly.csproj", "{1AEB2D30-9560-6A21-11A1-C470AB8AB10D}"
EndProject
Global
	GlobalSection(SolutionConfigurationPlatforms) = preSolution
		Debug|Any CPU = Debug|Any CPU
		Release|Any CPU = Release|Any CPU
	EndGlobalSection
	GlobalSection(ProjectConfigurationPlatforms) = postSolution
		{1AEB2D30-9560-6A21-11A1-C470AB8AB10D}.Debug|Any CPU.ActiveCfg = Debug|Any CPU
		{1AEB2D30-9560-6A21-11A1-C470AB8AB10D}.Debug|Any CPU.Build.0 = Debug|Any CPU
		{1AEB2D30-9560-6A21-11A1-C470AB8AB10D}.Release|Any CPU.ActiveCfg = Release|Any CPU
		{1AEB2D30-9560-6A21-11A1-C470AB8AB10D}.Release|Any CPU.Build.0 = Release|Any CPU
	EndGlobalSection
	GlobalSection(SolutionProperties) = preSolution
		HideSolutionNode = FALSE
	EndGlobalSection
	GlobalSection(ExtensibilityGlobals) = postSolution
		SolutionGuid = {BD374BD8-B1CC-46F7-A650-8AB6D237F111}
	EndGlobalSection
EndGlobal
