# This file is automatically @generated by Cargo.
# It is not intended for manual editing.
version = 4

[[package]]
name = "aes"
version = "0.8.4"
source = "registry+https://github.com/rust-lang/crates.io-index"
checksum = "b169f7a6d4742236a0a00c541b845991d0ac43e546831af1249753ab4c3aa3a0"
dependencies = [
 "cfg-if",
 "cipher",
 "cpufeatures",
]

[[package]]
name = "block-padding"
version = "0.3.3"
source = "registry+https://github.com/rust-lang/crates.io-index"
checksum = "a8894febbff9f758034a5b8e12d87918f56dfc64a8e1fe757d65e29041538d93"
dependencies = [
 "generic-array",
]

[[package]]
name = "cbc"
version = "0.1.2"
source = "registry+https://github.com/rust-lang/crates.io-index"
checksum = "26b52a9543ae338f279b96b0b9fed9c8093744685043739079ce85cd58f289a6"
dependencies = [
 "cipher",
]

[[package]]
name = "cfg-if"
version = "1.0.1"
source = "registry+https://github.com/rust-lang/crates.io-index"
checksum = "9555578bc9e57714c812a1f84e4fc5b4d21fcb063490c624de019f7464c91268"

[[package]]
name = "cipher"
version = "0.4.4"
source = "registry+https://github.com/rust-lang/crates.io-index"
checksum = "773f3b9af64447d2ce9850330c473515014aa235e6a783b02db81ff39e4a3dad"
dependencies = [
 "crypto-common",
 "inout",
 "zeroize",
]

[[package]]
name = "cpufeatures"
version = "0.2.17"
source = "registry+https://github.com/rust-lang/crates.io-index"
checksum = "59ed5838eebb26a2bb2e58f6d5b5316989ae9d08bab10e0e6d103e656d1b0280"
dependencies = [
 "libc",
]

[[package]]
name = "crypto-common"
version = "0.1.6"
source = "registry+https://github.com/rust-lang/crates.io-index"
checksum = "1bfb12502f3fc46cca1bb51ac28df9d618d813cdc3d2f25b9fe775a34af26bb3"
dependencies = [
 "generic-array",
 "typenum",
]

[[package]]
name = "des"
version = "0.8.1"
source = "registry+https://github.com/rust-lang/crates.io-index"
checksum = "ffdd80ce8ce993de27e9f063a444a4d53ce8e8db4c1f00cc03af5ad5a9867a1e"
dependencies = [
 "cipher",
]

[[package]]
name = "generic-array"
version = "0.14.7"
source = "registry+https://github.com/rust-lang/crates.io-index"
checksum = "85649ca51fd72272d7821adaf274ad91c288277713d9c18820d8499a7ff69e9a"
dependencies = [
 "typenum",
 "version_check",
]

[[package]]
name = "inout"
version = "0.1.4"
source = "registry+https://github.com/rust-lang/crates.io-index"
checksum = "879f10e63c20629ecabbb64a8010319738c66a5cd0c29b02d63d272b03751d01"
dependencies = [
 "block-padding",
 "generic-array",
]

[[package]]
name = "libc"
version = "0.2.173"
source = "registry+https://github.com/rust-lang/crates.io-index"
checksum = "d8cfeafaffdbc32176b64fb251369d52ea9f0a8fbc6f8759edffef7b525d64bb"

[[package]]
name = "rabbit"
version = "0.4.1"
source = "registry+https://github.com/rust-lang/crates.io-index"
checksum = "931a21d28d73d260f6743712e0f04292413fc6d004bb278bb9022302221a05d5"
dependencies = [
 "cipher",
]

[[package]]
name = "rc2"
version = "0.8.1"
source = "registry+https://github.com/rust-lang/crates.io-index"
checksum = "62c64daa8e9438b84aaae55010a93f396f8e60e3911590fcba770d04643fc1dd"
dependencies = [
 "cipher",
]

[[package]]
name = "rc4"
version = "0.1.0"
source = "registry+https://github.com/rust-lang/crates.io-index"
checksum = "0f1256e23efe6097f27aa82d6ca6889361c001586ae0f6917cbad072f05eb275"
dependencies = [
 "cipher",
]

[[package]]
name = "rc5"
version = "0.0.1"
source = "registry+https://github.com/rust-lang/crates.io-index"
checksum = "d416958668cb143193dd959872451342280d379c21c3ad65bb626df417995f3f"
dependencies = [
 "cipher",
]

[[package]]
name = "test"
version = "0.0.1"
dependencies = [
 "aes",
 "cbc",
 "cipher",
 "des",
 "rabbit",
 "rc2",
 "rc4",
 "rc5",
]

[[package]]
name = "typenum"
version = "1.18.0"
source = "registry+https://github.com/rust-lang/crates.io-index"
checksum = "1dccffe3ce07af9386bfd29e80c0ab1a8205a2fc34e4bcd40364df902cfa8f3f"

[[package]]
name = "version_check"
version = "0.9.5"
source = "registry+https://github.com/rust-lang/crates.io-index"
checksum = "0b928f33d975fc6ad9f86c8f283853ad26bdd5b10b7f1542aa2fa15e2289105a"

[[package]]
name = "zeroize"
version = "1.8.1"
source = "registry+https://github.com/rust-lang/crates.io-index"
checksum = "ced3678a2879b30306d323f4542626697a464a97c0a07c9aebf7ebca65cd4dde"
