# This file is machine-generated by `gh actions-lock`.
# Do not edit by hand; run `gh actions-lock` to update.
# Docs: https://gh.io/actions-lockfile
version: 'v0.0.2'
workflows:
    '.github/workflows/test.yml':
        - 'actions/checkout@3d3c42e5aac5ba805825da76410c181273ba90b1'
        - 'github/codeql-action@db488ddef3bf6cb639b32c2e9a7c0a7ea8271d28'
dependencies:
    'actions/checkout@3d3c42e5aac5ba805825da76410c181273ba90b1':
        ref: '3d3c42e5aac5ba805825da76410c181273ba90b1'
        commit: 'sha1-3d3c42e5aac5ba805825da76410c181273ba90b1'
        owner_id: 44036562
        repo_id: 197814629
    'github/codeql-action@db488ddef3bf6cb639b32c2e9a7c0a7ea8271d28':
        ref: 'v4.37.8'
        commit: 'sha1-db488ddef3bf6cb639b32c2e9a7c0a7ea8271d28'
        owner_id: 9919
        repo_id: 259445878
